# THIS IS AN AUTOGENERATED FILE. DO NOT EDIT THIS FILE DIRECTLY.
# yarn lockfile v1


"@babel/code-frame@^7.12.13":
  version "7.12.13"
  resolved "https://registry.yarnpkg.com/@babel/code-frame/-/code-frame-7.12.13.tgz#dcfc826beef65e75c50e21d3837d7d95798dd658"
  integrity sha512-HV1Cm0Q3ZrpCR93tkWOYiuYIgLxZXZFVG2VgK+MBWjUqZTundupbfx2aXarXuw5Ko5aMcjtJgbSs4vUGBS5v6g==
  dependencies:
    "@babel/highlight" "^7.12.13"

"@babel/generator@^7.14.0":
  version "7.14.1"
  resolved "https://registry.yarnpkg.com/@babel/generator/-/generator-7.14.1.tgz#1f99331babd65700183628da186f36f63d615c93"
  integrity sha512-TMGhsXMXCP/O1WtQmZjpEYDhCYC9vFhayWZPJSZCGkPJgUqX0rF0wwtrYvnzVxIjcF80tkUertXVk5cwqi5cAQ==
  dependencies:
    "@babel/types" "^7.14.1"
    jsesc "^2.5.1"
    source-map "^0.5.0"

"@babel/helper-annotate-as-pure@^7.0.0":
  version "7.12.13"
  resolved "https://registry.yarnpkg.com/@babel/helper-annotate-as-pure/-/helper-annotate-as-pure-7.12.13.tgz#0f58e86dfc4bb3b1fcd7db806570e177d439b6ab"
  integrity sha512-7YXfX5wQ5aYM/BOlbSccHDbuXXFPxeoUmfWtz8le2yTkTZc+BxsiEnENFoi2SlmA8ewDkG2LgIMIVzzn2h8kfw==
  dependencies:
    "@babel/types" "^7.12.13"

"@babel/helper-function-name@^7.12.13":
  version "7.12.13"
  resolved "https://registry.yarnpkg.com/@babel/helper-function-name/-/helper-function-name-7.12.13.tgz#93ad656db3c3c2232559fd7b2c3dbdcbe0eb377a"
  integrity sha512-TZvmPn0UOqmvi5G4vvw0qZTpVptGkB1GL61R6lKvrSdIxGm5Pky7Q3fpKiIkQCAtRCBUwB0PaThlx9vebCDSwA==
  dependencies:
    "@babel/helper-get-function-arity" "^7.12.13"
    "@babel/template" "^7.12.13"
    "@babel/types" "^7.12.13"

"@babel/helper-get-function-arity@^7.12.13":
  version "7.12.13"
  resolved "https://registry.yarnpkg.com/@babel/helper-get-function-arity/-/helper-get-function-arity-7.12.13.tgz#bc63451d403a3b3082b97e1d8b3fe5bd4091e583"
  integrity sha512-DjEVzQNz5LICkzN0REdpD5prGoidvbdYk1BVgRUOINaWJP2t6avB27X1guXK1kXNrX0WMfsrm1A/ZBthYuIMQg==
  dependencies:
    "@babel/types" "^7.12.13"

"@babel/helper-module-imports@^7.0.0":
  version "7.13.12"
  resolved "https://registry.yarnpkg.com/@babel/helper-module-imports/-/helper-module-imports-7.13.12.tgz#c6a369a6f3621cb25da014078684da9196b61977"
  integrity sha512-4cVvR2/1B693IuOvSI20xqqa/+bl7lqAMR59R4iu39R9aOX8/JoYY1sFaNvUMyMBGnHdwvJgUrzNLoUZxXypxA==
  dependencies:
    "@babel/types" "^7.13.12"

"@babel/helper-split-export-declaration@^7.12.13":
  version "7.12.13"
  resolved "https://registry.yarnpkg.com/@babel/helper-split-export-declaration/-/helper-split-export-declaration-7.12.13.tgz#e9430be00baf3e88b0e13e6f9d4eaf2136372b05"
  integrity sha512-tCJDltF83htUtXx5NLcaDqRmknv652ZWCHyoTETf1CXYJdPC7nohZohjUgieXhv0hTJdRf2FjDueFehdNucpzg==
  dependencies:
    "@babel/types" "^7.12.13"

"@babel/helper-validator-identifier@^7.14.0":
  version "7.14.0"
  resolved "https://registry.yarnpkg.com/@babel/helper-validator-identifier/-/helper-validator-identifier-7.14.0.tgz#d26cad8a47c65286b15df1547319a5d0bcf27288"
  integrity sha512-V3ts7zMSu5lfiwWDVWzRDGIN+lnCEUdaXgtVHJgLb1rGaA6jMrtB9EmE7L18foXJIE8Un/A/h6NJfGQp/e1J4A==

"@babel/highlight@^7.12.13":
  version "7.14.0"
  resolved "https://registry.yarnpkg.com/@babel/highlight/-/highlight-7.14.0.tgz#3197e375711ef6bf834e67d0daec88e4f46113cf"
  integrity sha512-YSCOwxvTYEIMSGaBQb5kDDsCopDdiUGsqpatp3fOlI4+2HQSkTmEVWnVuySdAC5EWCqSWWTv0ib63RjR7dTBdg==
  dependencies:
    "@babel/helper-validator-identifier" "^7.14.0"
    chalk "^2.0.0"
    js-tokens "^4.0.0"

"@babel/parser@^7.12.13", "@babel/parser@^7.14.0":
  version "7.14.1"
  resolved "https://registry.yarnpkg.com/@babel/parser/-/parser-7.14.1.tgz#1bd644b5db3f5797c4479d89ec1817fe02b84c47"
  integrity sha512-muUGEKu8E/ftMTPlNp+mc6zL3E9zKWmF5sDHZ5MSsoTP9Wyz64AhEf9kD08xYJ7w6Hdcu8H550ircnPyWSIF0Q==

"@babel/runtime@^7.1.5", "@babel/runtime@^7.10.5", "@babel/runtime@^7.12.13", "@babel/runtime@^7.12.5", "@babel/runtime@^7.13.10":
  version "7.14.0"
  resolved "https://registry.yarnpkg.com/@babel/runtime/-/runtime-7.14.0.tgz#46794bc20b612c5f75e62dd071e24dfd95f1cbe6"
  integrity sha512-JELkvo/DlpNdJ7dlyw/eY7E0suy5i5GQH+Vlxaq1nsNJ+H7f4Vtv3jMeCEgRhZZQFXTjldYfQgv2qmM6M1v5wA==
  dependencies:
    regenerator-runtime "^0.13.4"

"@babel/template@^7.12.13":
  version "7.12.13"
  resolved "https://registry.yarnpkg.com/@babel/template/-/template-7.12.13.tgz#530265be8a2589dbb37523844c5bcb55947fb327"
  integrity sha512-/7xxiGA57xMo/P2GVvdEumr8ONhFOhfgq2ihK3h1e6THqzTAkHbkXgB0xI9yeTfIUoH3+oAeHhqm/I43OTbbjA==
  dependencies:
    "@babel/code-frame" "^7.12.13"
    "@babel/parser" "^7.12.13"
    "@babel/types" "^7.12.13"

"@babel/traverse@^7.4.5":
  version "7.14.0"
  resolved "https://registry.yarnpkg.com/@babel/traverse/-/traverse-7.14.0.tgz#cea0dc8ae7e2b1dec65f512f39f3483e8cc95aef"
  integrity sha512-dZ/a371EE5XNhTHomvtuLTUyx6UEoJmYX+DT5zBCQN3McHemsuIaKKYqsc/fs26BEkHs/lBZy0J571LP5z9kQA==
  dependencies:
    "@babel/code-frame" "^7.12.13"
    "@babel/generator" "^7.14.0"
    "@babel/helper-function-name" "^7.12.13"
    "@babel/helper-split-export-declaration" "^7.12.13"
    "@babel/parser" "^7.14.0"
    "@babel/types" "^7.14.0"
    debug "^4.1.0"
    globals "^11.1.0"

"@babel/types@^7.12.13", "@babel/types@^7.13.12", "@babel/types@^7.14.0", "@babel/types@^7.14.1":
  version "7.14.1"
  resolved "https://registry.yarnpkg.com/@babel/types/-/types-7.14.1.tgz#095bd12f1c08ab63eff6e8f7745fa7c9cc15a9db"
  integrity sha512-S13Qe85fzLs3gYRUnrpyeIrBJIMYv33qSTg1qoBwiG6nPKwUWAD9odSzWhEedpwOIzSEI6gbdQIWEMiCI42iBA==
  dependencies:
    "@babel/helper-validator-identifier" "^7.14.0"
    to-fast-properties "^2.0.0"

"@emotion/is-prop-valid@^0.8.7", "@emotion/is-prop-valid@^0.8.8":
  version "0.8.8"
  resolved "https://registry.yarnpkg.com/@emotion/is-prop-valid/-/is-prop-valid-0.8.8.tgz#db28b1c4368a259b60a97311d6a952d4fd01ac1a"
  integrity sha512-u5WtneEAr5IDG2Wv65yhunPSMLIpuKsbuOktRojfrEiEvRyC85LgPMZI63cr7NUqT8ZIGdSVg8ZKGxIug4lXcA==
  dependencies:
    "@emotion/memoize" "0.7.4"

"@emotion/memoize@0.7.4":
  version "0.7.4"
  resolved "https://registry.yarnpkg.com/@emotion/memoize/-/memoize-0.7.4.tgz#19bf0f5af19149111c40d98bb0cf82119f5d9eeb"
  integrity sha512-Ja/Vfqe3HpuzRsG1oBtWTHk2PGZ7GR+2Vz5iYGelAw8dx32K0y7PjVuxK6z1nMpZOqAFsRUPCkK1YjJ56qJlgw==

"@emotion/stylis@^0.8.4":
  version "0.8.5"
  resolved "https://registry.yarnpkg.com/@emotion/stylis/-/stylis-0.8.5.tgz#deacb389bd6ee77d1e7fcaccce9e16c5c7e78e04"
  integrity sha512-h6KtPihKFn3T9fuIrwvXXUOwlx3rfUvfZIcP5a6rh8Y7zjE3O06hT5Ss4S/YI1AYhuZ1kjaE/5EaOOI2NqSylQ==

"@emotion/unitless@^0.7.4":
  version "0.7.5"
  resolved "https://registry.yarnpkg.com/@emotion/unitless/-/unitless-0.7.5.tgz#77211291c1900a700b8a78cfafda3160d76949ed"
  integrity sha512-OWORNpfjMsSSUBVrRBVGECkhWcULOAJz9ZW8uK9qgxD+87M7jHRcvh/A96XXNhXTLmKcoYSQtBEX7lHMO7YRwg==

"@styled-icons/bootstrap@10.33.0":
  version "10.33.0"
  resolved "https://registry.yarnpkg.com/@styled-icons/bootstrap/-/bootstrap-10.33.0.tgz#7eb531ac1a1fc91642db7268cc4dac7367f31cf3"
  integrity sha512-tCUJtk/CMamcPbEgPSQDARt97l280dwhr5+YS5z/A8c8c4FLlrdYPeBtiU3Xs36SO8WUEezoXWPaTjv02025pg==
  dependencies:
    "@babel/runtime" "^7.13.10"
    "@styled-icons/styled-icon" "^10.6.0"

"@styled-icons/boxicons-logos@10.23.0":
  version "10.23.0"
  resolved "https://registry.yarnpkg.com/@styled-icons/boxicons-logos/-/boxicons-logos-10.23.0.tgz#0bb1a914cedfa1f418a1ff782b8421a39e6262c1"
  integrity sha512-TC6to8kfSY7pVwvOv0a8kboYH7nF69/uxCOZnrpZlzJbeZGsnIt2sAPRSV8454wXfsZ75pVcprCv26RO9aNHVA==
  dependencies:
    "@babel/runtime" "^7.12.5"
    "@styled-icons/styled-icon" "^10.6.0"

"@styled-icons/boxicons-regular@10.23.0":
  version "10.23.0"
  resolved "https://registry.yarnpkg.com/@styled-icons/boxicons-regular/-/boxicons-regular-10.23.0.tgz#a87439875f07ca3af6727f2bd8824acae9b2faad"
  integrity sha512-cVBXsgDzC9lZOhBaurxJcgiRpl3mMxNHsD0+PKi23yaEU20zIyBPjRgVw+qaqKKAUNONDkWej1vwiL5KericPw==
  dependencies:
    "@babel/runtime" "^7.12.5"
    "@styled-icons/styled-icon" "^10.6.0"

"@styled-icons/boxicons-solid@10.23.0":
  version "10.23.0"
  resolved "https://registry.yarnpkg.com/@styled-icons/boxicons-solid/-/boxicons-solid-10.23.0.tgz#a0c6de6e7f99380d15202cf65ef3a3f4fd190694"
  integrity sha512-W7/NpBJ6Y2hEwSEYDZz6Rw97j1f4y0dd1lEZsgSIit0DjRpESt7t15ptMLf3zXnFVmrphHn9XRN3lyF6R8Gdtw==
  dependencies:
    "@babel/runtime" "^7.12.5"
    "@styled-icons/styled-icon" "^10.6.0"

"@styled-icons/crypto@10.25.0":
  version "10.25.0"
  resolved "https://registry.yarnpkg.com/@styled-icons/crypto/-/crypto-10.25.0.tgz#d9d94d2f9a094408bc13e0c95a190f6da575ce2b"
  integrity sha512-WjURyH6wmE835D674KgpK87nU6kJSkA4XV5C/SP5dc+0FeUKeRm0FegX0Pakaqjj4pvFrBqeeS8Kg24IMUmHgA==
  dependencies:
    "@babel/runtime" "^7.12.5"
    "@styled-icons/styled-icon" "^10.6.0"

"@styled-icons/entypo-social@10.18.0":
  version "10.18.0"
  resolved "https://registry.yarnpkg.com/@styled-icons/entypo-social/-/entypo-social-10.18.0.tgz#1aeb904cc057b17353ea5a4b52175a61d39bcb91"
  integrity sha512-JjDRJrsLi2IhjPBLYPJW+SNOijcOAOHu6ulyEJmtIRCKGzwdFJaXFPVxhULDnsr1vwBlxYdyvpz72liZH1gZpw==
  dependencies:
    "@babel/runtime" "^7.10.5"
    "@styled-icons/styled-icon" "^10.6.0"

"@styled-icons/entypo@10.18.0":
  version "10.18.0"
  resolved "https://registry.yarnpkg.com/@styled-icons/entypo/-/entypo-10.18.0.tgz#9d98e8a432215257cca9f7383cae28ce388b6800"
  integrity sha512-FZdYzBiqXgas/c76eeCSWfEy6jpzfvucIXMgwsTDQioh7/x9qVmuyz5TVlghx2zWmtoz4hEnLIDD0Yzw1ajXWQ==
  dependencies:
    "@babel/runtime" "^7.10.5"
    "@styled-icons/styled-icon" "^10.6.0"

"@styled-icons/evaicons-outline@10.18.0":
  version "10.18.0"
  resolved "https://registry.yarnpkg.com/@styled-icons/evaicons-outline/-/evaicons-outline-10.18.0.tgz#3a7a00a97244fcefcad70e94d81eb151d5fdf9b9"
  integrity sha512-6D352LtvtzfHlhxgUeair6NPfyJ0y6V+1r710w1qoEVO/mnc9F+ED6MaOCDv8GeDOM3eCPd8y2Fs6EA8zKuv/A==
  dependencies:
    "@babel/runtime" "^7.10.5"
    "@styled-icons/styled-icon" "^10.6.0"

"@styled-icons/evaicons-solid@10.18.0":
  version "10.18.0"
  resolved "https://registry.yarnpkg.com/@styled-icons/evaicons-solid/-/evaicons-solid-10.18.0.tgz#3e17137b41e66d6002ef4d49c37aee80553c7eb7"
  integrity sha512-vL1zGDTj2Mp/RedOaEkm5Ni9/h5scY5VQbwTQFnMV+QcLzk+WKCvS3Jj8mbqbEWvL4MtCdJYDC0UPD4sZSHV5A==
  dependencies:
    "@babel/runtime" "^7.10.5"
    "@styled-icons/styled-icon" "^10.6.0"

"@styled-icons/evil@10.18.0":
  version "10.18.0"
  resolved "https://registry.yarnpkg.com/@styled-icons/evil/-/evil-10.18.0.tgz#be690e2e6cfb5a465e0dca1ece7e6b92059c17d5"
  integrity sha512-WeBvdVbMg4qYp7pu21FDyJgDekeNF46B9nkyQFYymEQG95AndZArFPOUzshflBcGKB6xv2+jVyPtbtcHh2oQOA==
  dependencies:
    "@babel/runtime" "^7.10.5"
    "@styled-icons/styled-icon" "^10.6.0"

"@styled-icons/fa-brands@10.26.0":
  version "10.26.0"
  resolved "https://registry.yarnpkg.com/@styled-icons/fa-brands/-/fa-brands-10.26.0.tgz#ca20250c86a23df87b9f21acfbe94fc5fa97d8f6"
  integrity sha512-1J2Pac3QwxArDzI/EAibLlTQ+4mFr7e6ZIVdLT+hmQrTQ+2Ibm403fHwsEBvLYzCI/7XQERPcxy1uBdkSgrKXw==
  dependencies:
    "@babel/runtime" "^7.12.5"
    "@styled-icons/styled-icon" "^10.6.0"

"@styled-icons/fa-regular@10.26.0":
  version "10.26.0"
  resolved "https://registry.yarnpkg.com/@styled-icons/fa-regular/-/fa-regular-10.26.0.tgz#cded25b5210cefe99f32367ba1938cb1e9190315"
  integrity sha512-aazl9vntOe16g6Qj6qBH91oLH1i2XMKEu7gjDRiUwxoGIm0GVzJGIi1Qa8ENvfYI9h8f85sghA2GH3Db4wOteA==
  dependencies:
    "@babel/runtime" "^7.12.5"
    "@styled-icons/styled-icon" "^10.6.0"

"@styled-icons/fa-solid@10.32.0":
  version "10.32.0"
  resolved "https://registry.yarnpkg.com/@styled-icons/fa-solid/-/fa-solid-10.32.0.tgz#650163c22ac2d8b8c6ba2d6c49561f60991bb10e"
  integrity sha512-NihG0/M096lyGAsNR5TqL0VU9A+7m5+uqNR0w5T0bPG2yhzOO6l9PKi2XXx3T9ruXsZkWv6v8fYv+fx18TaHVA==
  dependencies:
    "@babel/runtime" "^7.13.10"
    "@styled-icons/styled-icon" "^10.6.0"

"@styled-icons/feather@10.18.0":
  version "10.18.0"
  resolved "https://registry.yarnpkg.com/@styled-icons/feather/-/feather-10.18.0.tgz#eaec56120c4113930edd2551aaf8d8b9da565219"
  integrity sha512-W8ESG+KLaiCekydTV6LaP3FW5enwvGMSM2T/wvS8HPmnR6tFb4hn8VQrtXG8Bwdc5RmTJ+2eyN6N3KySMfMC4Q==
  dependencies:
    "@babel/runtime" "^7.10.5"
    "@styled-icons/styled-icon" "^10.6.0"

"@styled-icons/fluentui-system-filled@10.33.0":
  version "10.33.0"
  resolved "https://registry.yarnpkg.com/@styled-icons/fluentui-system-filled/-/fluentui-system-filled-10.33.0.tgz#77eac72eb233c79c371d7dbb2f4cb642cf9133c6"
  integrity sha512-K+r/HkfPug1FkBrAZPgfcOzIQUrlwtLEq7vrjZxijJCW+mdOlJzz3vs02jb5Z+zy+LsGPK7HmSi1HF5lGw4/Uw==
  dependencies:
    "@babel/runtime" "^7.13.10"
    "@styled-icons/styled-icon" "^10.6.0"

"@styled-icons/fluentui-system-regular@10.33.0":
  version "10.33.0"
  resolved "https://registry.yarnpkg.com/@styled-icons/fluentui-system-regular/-/fluentui-system-regular-10.33.0.tgz#a4f24a4a505e72a0adf72f98fa3a892846bb8cd9"
  integrity sha512-5ZwtUrKm3PbKAz1yQaZajDtaHyLw3aTdqAT1wi40rqxNGfLc1lAUXjU9Yz/A5/js/MwjQNCCnKxVusxf6ys1ZA==
  dependencies:
    "@babel/runtime" "^7.13.10"
    "@styled-icons/styled-icon" "^10.6.0"

"@styled-icons/foundation@10.28.0":
  version "10.28.0"
  resolved "https://registry.yarnpkg.com/@styled-icons/foundation/-/foundation-10.28.0.tgz#b36878f70e4107b7826492ac99a7d8952e91e314"
  integrity sha512-hilmafnCFjV6d4cnmmee0qv2wkqAYC3KIDGf3MNRhRiSRTlpAxi22nXC2ax+Ta9qKRI11o+gdPhjAKA6J/AEsQ==
  dependencies:
    "@babel/runtime" "^7.12.13"
    "@styled-icons/styled-icon" "^10.6.0"

"@styled-icons/heroicons-outline@10.33.0":
  version "10.33.0"
  resolved "https://registry.yarnpkg.com/@styled-icons/heroicons-outline/-/heroicons-outline-10.33.0.tgz#36d50f62c8fa1c8bd417b57350186545fade5072"
  integrity sha512-PPn5djK9Xz89CSHZaYxvoDauSCKyXH8tYuuZnFUiDvqxuUOneMuZZtKXAziONw+i/yccCWqXPNND5eUTH9Ejug==
  dependencies:
    "@babel/runtime" "^7.13.10"
    "@styled-icons/styled-icon" "^10.6.0"

"@styled-icons/heroicons-solid@10.33.0":
  version "10.33.0"
  resolved "https://registry.yarnpkg.com/@styled-icons/heroicons-solid/-/heroicons-solid-10.33.0.tgz#a2c757d8710666dcbd223919fea27a948088fcc6"
  integrity sha512-M+KSclBD02AGaWjZd9cKjveGDI6M674jqQUU3AL+sP8spVSjVXJVynv6Q9o6I/0k+u+BB50LucbfT7T1yzqV0g==
  dependencies:
    "@babel/runtime" "^7.13.10"
    "@styled-icons/styled-icon" "^10.6.0"

"@styled-icons/icomoon@10.18.0":
  version "10.18.0"
  resolved "https://registry.yarnpkg.com/@styled-icons/icomoon/-/icomoon-10.18.0.tgz#c9dbed2d54bb2bce5f69b650e20b777b0f246f4e"
  integrity sha512-4a+j4+zkhfroUiT/4wjFuMJlhL4mvauyKVXZPZPsaRkkhdgWXkfYBy9j9DwA1ETaK+7aZep9Ng3EqHHeOF5bbg==
  dependencies:
    "@babel/runtime" "^7.10.5"
    "@styled-icons/styled-icon" "^10.6.0"

"@styled-icons/ionicons-outline@10.28.0":
  version "10.28.0"
  resolved "https://registry.yarnpkg.com/@styled-icons/ionicons-outline/-/ionicons-outline-10.28.0.tgz#d462a660770e4ad9db41639a0912741e47ec0aa0"
  integrity sha512-/yoZJa6nB/aXTOYobj6D9gE0JWejKrLmAGfdiUiqMX9exp4XeVxLPNaIbO2ilP/2VzGUAJJxh/KYMFIzoy5tkQ==
  dependencies:
    "@babel/runtime" "^7.12.13"
    "@styled-icons/styled-icon" "^10.6.0"

"@styled-icons/ionicons-sharp@10.28.0":
  version "10.28.0"
  resolved "https://registry.yarnpkg.com/@styled-icons/ionicons-sharp/-/ionicons-sharp-10.28.0.tgz#4a87a907bb97f65b828678d3cd159d4d7a7ec405"
  integrity sha512-5Qw8BMwvyAj0uzrPQ2BbbMVS8nrT164tIWoHyg/z4GXBKiiXukMoNJ+Z+sScG8+HLE+dc2SOzzX0+luSX7Ix6A==
  dependencies:
    "@babel/runtime" "^7.12.13"
    "@styled-icons/styled-icon" "^10.6.0"

"@styled-icons/ionicons-solid@10.28.0":
  version "10.28.0"
  resolved "https://registry.yarnpkg.com/@styled-icons/ionicons-solid/-/ionicons-solid-10.28.0.tgz#477ae3c92eae37d0eb7cc4b4e957458b385c0557"
  integrity sha512-vtnJzTDzVfPAt6PNOuUUTTzXwwoDqe3u6srzo/WZGc6wh0UEoNgs65pqiAwaG8RyJvfufJ0rMr2yDJRTWBddUA==
  dependencies:
    "@babel/runtime" "^7.12.13"
    "@styled-icons/styled-icon" "^10.6.0"

"@styled-icons/material-outlined@10.28.0":
  version "10.28.0"
  resolved "https://registry.yarnpkg.com/@styled-icons/material-outlined/-/material-outlined-10.28.0.tgz#57d34c7a417bb79cf930bf1302aa8b463de1bcad"
  integrity sha512-TXCYrBeR5YXDziNMDAO6ZpKVjWvWaWmhBvF/vTvL6sME5zazk9sToyRJ6i/+DZGNH8wD7+635e8hkZAYPp++/A==
  dependencies:
    "@babel/runtime" "^7.12.13"
    "@styled-icons/styled-icon" "^10.6.0"

"@styled-icons/material-rounded@10.28.0":
  version "10.28.0"
  resolved "https://registry.yarnpkg.com/@styled-icons/material-rounded/-/material-rounded-10.28.0.tgz#d73fd9d2c981ca51b206e7fec7e5159486e2fbd9"
  integrity sha512-qNnsrkdAwSaiakh7xPVVucP0XnDQ0UwaODpQ1cxASZ6+7XPJHsOxYd+VTTSn3h99Unzp4QJltrBaz//Ky6zSGw==
  dependencies:
    "@babel/runtime" "^7.12.13"
    "@styled-icons/styled-icon" "^10.6.0"

"@styled-icons/material-sharp@10.28.0":
  version "10.28.0"
  resolved "https://registry.yarnpkg.com/@styled-icons/material-sharp/-/material-sharp-10.28.0.tgz#2c81e9c97eab2396f83d862a4f964a465db1f206"
  integrity sha512-bII2ZotBYFFO982hKoVZ6A6iQQDooV8PeVbfuveUqK9MO7sDYZ0aPFKv4vMYVpVgfJWpoWekigHhCW8eoSnGUg==
  dependencies:
    "@babel/runtime" "^7.12.13"
    "@styled-icons/styled-icon" "^10.6.0"

"@styled-icons/material-twotone@10.28.0":
  version "10.28.0"
  resolved "https://registry.yarnpkg.com/@styled-icons/material-twotone/-/material-twotone-10.28.0.tgz#e5e74e7a5faf36ae5e9020c9b5a91042ca75bf45"
  integrity sha512-dpkHg477fipvehVJdDOpNcFWXmL4M2PBscfm61lYsnscDvIzRK0GJ1Rzmv2QiW48DSO02FSxaoRIdBm2bjZLfg==
  dependencies:
    "@babel/runtime" "^7.12.13"
    "@styled-icons/styled-icon" "^10.6.0"

"@styled-icons/material@10.28.0":
  version "10.28.0"
  resolved "https://registry.yarnpkg.com/@styled-icons/material/-/material-10.28.0.tgz#9437b6a0acffcefb578247f349c2972403334244"
  integrity sha512-+401y79/qclNEMVbkAy98sJbBazeX/0k0DuPsULikAa+GDmmfzwk+xi9HloQa1Gsyc9/Zbnc5Hf7rFiJcukfbA==
  dependencies:
    "@babel/runtime" "^7.12.13"
    "@styled-icons/styled-icon" "^10.6.0"

"@styled-icons/octicons@10.33.0":
  version "10.33.0"
  resolved "https://registry.yarnpkg.com/@styled-icons/octicons/-/octicons-10.33.0.tgz#d09d2531885f22808be880050fa4919118106d75"
  integrity sha512-GVGkEAAU32tUWwvJemEvfWRk8+FqPsSRXT5OQmW+dNCbUWDJ+O+yyp8301XdDCJaNkj9cStXeBJUFOks2XN+GA==
  dependencies:
    "@babel/runtime" "^7.13.10"
    "@styled-icons/styled-icon" "^10.6.0"

"@styled-icons/open-iconic@10.18.0":
  version "10.18.0"
  resolved "https://registry.yarnpkg.com/@styled-icons/open-iconic/-/open-iconic-10.18.0.tgz#658bd6aee9232d0983c7aa8949713221c7d5bb87"
  integrity sha512-H+uiRUDm09SXlOgJheOmhT0KeLs5uBS85H2VF1ypMN1m/vy/NdaGP5QAvWTCzBk088JJGYEkvhb4i4pGcwRsEA==
  dependencies:
    "@babel/runtime" "^7.10.5"
    "@styled-icons/styled-icon" "^10.6.0"

"@styled-icons/remix-editor@10.33.0":
  version "10.33.0"
  resolved "https://registry.yarnpkg.com/@styled-icons/remix-editor/-/remix-editor-10.33.0.tgz#ee348658f2d44cef409004a077f2280620b9307d"
  integrity sha512-V1jZ3G1J8PaBiIwf2Va7UuEXot8xR39UQ3XNIJNQClnGA04ahTsEC2mpN5pHwr4mkJijXu0Htjhnf/YiWYVsCw==
  dependencies:
    "@babel/runtime" "^7.13.10"
    "@styled-icons/styled-icon" "^10.6.0"

"@styled-icons/remix-fill@10.18.0":
  version "10.18.0"
  resolved "https://registry.yarnpkg.com/@styled-icons/remix-fill/-/remix-fill-10.18.0.tgz#7a7b007b6d3e97ff3b63fc07f7af1d365245b25a"
  integrity sha512-FbnQMvxt2R7CYb8j/dVAXd31CDg4k3vX1zG/9GH9qpL536yxndnyopa7hwF/Yisy2pzR7uNlNXmTQAmYK2HSrg==
  dependencies:
    "@babel/runtime" "^7.10.5"
    "@styled-icons/styled-icon" "^10.6.0"

"@styled-icons/remix-line@10.18.0":
  version "10.18.0"
  resolved "https://registry.yarnpkg.com/@styled-icons/remix-line/-/remix-line-10.18.0.tgz#f6bd167883fb46a0103d60a8f4106823740e4b3e"
  integrity sha512-UZllhk6hEWFyZt+jdPCO4zbeM0P3Y/Lc1iWWOwUXGP5AzStM2KadjaGpi99FhNfrvrly98cVB8b4M/GVExYn0Q==
  dependencies:
    "@babel/runtime" "^7.10.5"
    "@styled-icons/styled-icon" "^10.6.0"

"@styled-icons/simple-icons@10.33.0":
  version "10.33.0"
  resolved "https://registry.yarnpkg.com/@styled-icons/simple-icons/-/simple-icons-10.33.0.tgz#aad04f445083ab08332f90221545629f78a94bca"
  integrity sha512-kNCBcbl3LTsknb7rMXj3DsK4WPQXRhXpYxRYu3Nw0PC+rnATZ+7J4VajFps1x6Eeq+J/c2ZLB+SAQra9QDOuFw==
  dependencies:
    "@babel/runtime" "^7.13.10"
    "@styled-icons/styled-icon" "^10.6.0"

"@styled-icons/styled-icon@10.6.3", "@styled-icons/styled-icon@^10.6.0":
  version "10.6.3"
  resolved "https://registry.yarnpkg.com/@styled-icons/styled-icon/-/styled-icon-10.6.3.tgz#eae0e5e18fd601ac47e821bb9c2e099810e86403"
  integrity sha512-/A95L3peioLoWFiy+/eKRhoQ9r/oRrN/qzbSX4hXU1nGP2rUXcX3LWUhoBNAOp9Rw38ucc/4ralY427UUNtcGQ==
  dependencies:
    "@babel/runtime" "^7.10.5"
    "@emotion/is-prop-valid" "^0.8.7"

"@styled-icons/typicons@10.18.0":
  version "10.18.0"
  resolved "https://registry.yarnpkg.com/@styled-icons/typicons/-/typicons-10.18.0.tgz#87924805c219d4eda6193e87643a71b3ff10ac12"
  integrity sha512-VN9vEzeAn5//uUvBN2N/OAXnrC6zCERu1eXUiXmYTwd7n8ZoMMASKmVWrAho20YmhUjEPZdSvS1cJ/pzV9K6Zg==
  dependencies:
    "@babel/runtime" "^7.10.5"
    "@styled-icons/styled-icon" "^10.6.0"

"@styled-icons/zondicons@10.18.0":
  version "10.18.0"
  resolved "https://registry.yarnpkg.com/@styled-icons/zondicons/-/zondicons-10.18.0.tgz#56fd377ffb8412495694e4b19cb72b5bbd38f744"
  integrity sha512-P+XDzHRjY7zgcOYI22VJPg4GW01760VICwMSF2vJFRd0bux3hKIJI8voABA9v00Ce1TeOZnUbKcgQFBNIThs5w==
  dependencies:
    "@babel/runtime" "^7.10.5"
    "@styled-icons/styled-icon" "^10.6.0"

"@types/hoist-non-react-statics@*":
  version "3.3.1"
  resolved "https://registry.yarnpkg.com/@types/hoist-non-react-statics/-/hoist-non-react-statics-3.3.1.tgz#1124aafe5118cb591977aeb1ceaaed1070eb039f"
  integrity sha512-iMIqiko6ooLrTh1joXodJK5X9xeEALT1kM5G3ZLhD3hszxBdIEd5C75U834D9mLcINgD4OyZf5uQXjkuYydWvA==
  dependencies:
    "@types/react" "*"
    hoist-non-react-statics "^3.3.0"

"@types/prop-types@*":
  version "15.7.3"
  resolved "https://registry.yarnpkg.com/@types/prop-types/-/prop-types-15.7.3.tgz#2ab0d5da2e5815f94b0b9d4b95d1e5f243ab2ca7"
  integrity sha512-KfRL3PuHmqQLOG+2tGpRO26Ctg+Cq1E01D2DMriKEATHgWLfeNDmq9e29Q9WIky0dQ3NPkd1mzYH8Lm936Z9qw==

"@types/react@*":
  version "17.0.5"
  resolved "https://registry.yarnpkg.com/@types/react/-/react-17.0.5.tgz#3d887570c4489011f75a3fc8f965bf87d09a1bea"
  integrity sha512-bj4biDB9ZJmGAYTWSKJly6bMr4BLUiBrx9ujiJEoP9XIDY9CTaPGxE5QWN/1WjpPLzYF7/jRNnV2nNxNe970sw==
  dependencies:
    "@types/prop-types" "*"
    "@types/scheduler" "*"
    csstype "^3.0.2"

"@types/scheduler@*":
  version "0.16.1"
  resolved "https://registry.yarnpkg.com/@types/scheduler/-/scheduler-0.16.1.tgz#18845205e86ff0038517aab7a18a62a6b9f71275"
  integrity sha512-EaCxbanVeyxDRTQBkdLb3Bvl/HK7PBK6UJjsSixB0iHKoWxE5uu2Q/DgtpOhPIojN0Zl1whvOd7PoHs2P0s5eA==

"@types/styled-components@^5.1.9":
  version "5.1.9"
  resolved "https://registry.yarnpkg.com/@types/styled-components/-/styled-components-5.1.9.tgz#00d3d84b501420521c4db727e3c195459f87a6cf"
  integrity sha512-kbEG6YlwK8rucITpKEr6pA4Ho9KSQHUUOzZ9lY3va1mtcjvS3D0wDciFyHEiNHKLL/npZCKDQJqm0x44sPO9oA==
  dependencies:
    "@types/hoist-non-react-statics" "*"
    "@types/react" "*"
    csstype "^3.0.2"

ansi-styles@^3.2.1:
  version "3.2.1"
  resolved "https://registry.yarnpkg.com/ansi-styles/-/ansi-styles-3.2.1.tgz#41fbb20243e50b12be0f04b8dedbf07520ce841d"
  integrity sha512-VT0ZI6kZRdTh8YyJw3SMbYm/u+NqfsAxEpWO0Pf9sq8/e94WxxOpPKx9FR1FlyCtOVDNOQ+8ntlqFxiRc+r5qA==
  dependencies:
    color-convert "^1.9.0"

"babel-plugin-styled-components@>= 1.12.0":
  version "1.12.0"
  resolved "https://registry.yarnpkg.com/babel-plugin-styled-components/-/babel-plugin-styled-components-1.12.0.tgz#1dec1676512177de6b827211e9eda5a30db4f9b9"
  integrity sha512-FEiD7l5ZABdJPpLssKXjBUJMYqzbcNzBowfXDCdJhOpbhWiewapUaY+LZGT8R4Jg2TwOjGjG4RKeyrO5p9sBkA==
  dependencies:
    "@babel/helper-annotate-as-pure" "^7.0.0"
    "@babel/helper-module-imports" "^7.0.0"
    babel-plugin-syntax-jsx "^6.18.0"
    lodash "^4.17.11"

babel-plugin-syntax-jsx@^6.18.0:
  version "6.18.0"
  resolved "https://registry.yarnpkg.com/babel-plugin-syntax-jsx/-/babel-plugin-syntax-jsx-6.18.0.tgz#0af32a9a6e13ca7a3fd5069e62d7b0f58d0d8946"
  integrity sha1-CvMqmm4Tyno/1QaeYtew9Y0NiUY=

camelize@^1.0.0:
  version "1.0.0"
  resolved "https://registry.yarnpkg.com/camelize/-/camelize-1.0.0.tgz#164a5483e630fa4321e5af07020e531831b2609b"
  integrity sha1-FkpUg+Yw+kMh5a8HAg5TGDGyYJs=

chalk@^2.0.0:
  version "2.4.2"
  resolved "https://registry.yarnpkg.com/chalk/-/chalk-2.4.2.tgz#cd42541677a54333cf541a49108c1432b44c9424"
  integrity sha512-Mti+f9lpJNcwF4tWV8/OrTTtF1gZi+f8FqlyAdouralcFWFQWF2+NgCHShjkCb+IFBLq9buZwE1xckQU4peSuQ==
  dependencies:
    ansi-styles "^3.2.1"
    escape-string-regexp "^1.0.5"
    supports-color "^5.3.0"

color-convert@^1.9.0:
  version "1.9.3"
  resolved "https://registry.yarnpkg.com/color-convert/-/color-convert-1.9.3.tgz#bb71850690e1f136567de629d2d5471deda4c1e8"
  integrity sha512-QfAUtd+vFdAtFQcC8CCyYt1fYWxSqAiK2cSD6zDB8N3cpsEBAvRxp9zOGg6G/SHHJYAT88/az/IuDGALsNVbGg==
  dependencies:
    color-name "1.1.3"

color-name@1.1.3:
  version "1.1.3"
  resolved "https://registry.yarnpkg.com/color-name/-/color-name-1.1.3.tgz#a7d0558bd89c42f795dd42328f740831ca53bc25"
  integrity sha1-p9BVi9icQveV3UIyj3QIMcpTvCU=

css-color-keywords@^1.0.0:
  version "1.0.0"
  resolved "https://registry.yarnpkg.com/css-color-keywords/-/css-color-keywords-1.0.0.tgz#fea2616dc676b2962686b3af8dbdbe180b244e05"
  integrity sha1-/qJhbcZ2spYmhrOvjb2+GAskTgU=

css-to-react-native@^3.0.0:
  version "3.0.0"
  resolved "https://registry.yarnpkg.com/css-to-react-native/-/css-to-react-native-3.0.0.tgz#62dbe678072a824a689bcfee011fc96e02a7d756"
  integrity sha512-Ro1yETZA813eoyUp2GDBhG2j+YggidUmzO1/v9eYBKR2EHVEniE2MI/NqpTQ954BMpTPZFsGNPm46qFB9dpaPQ==
  dependencies:
    camelize "^1.0.0"
    css-color-keywords "^1.0.0"
    postcss-value-parser "^4.0.2"

csstype@^3.0.2:
  version "3.0.8"
  resolved "https://registry.yarnpkg.com/csstype/-/csstype-3.0.8.tgz#d2266a792729fb227cd216fb572f43728e1ad340"
  integrity sha512-jXKhWqXPmlUeoQnF/EhTtTl4C9SnrxSH/jZUih3jmO6lBKr99rP3/+FmrMj4EFpOXzMtXHAZkd3x0E6h6Fgflw==

debug@^4.1.0:
  version "4.3.1"
  resolved "https://registry.yarnpkg.com/debug/-/debug-4.3.1.tgz#f0d229c505e0c6d8c49ac553d1b13dc183f6b2ee"
  integrity sha512-doEwdvm4PCeK4K3RQN2ZC2BYUBaxwLARCqZmMjtF8a51J2Rb0xpVloFRnCODwqjpwnAoao4pelN8l3RJdv3gRQ==
  dependencies:
    ms "2.1.2"

escape-string-regexp@^1.0.5:
  version "1.0.5"
  resolved "https://registry.yarnpkg.com/escape-string-regexp/-/escape-string-regexp-1.0.5.tgz#1b61c0562190a8dff6ae3bb2cf0200ca130b86d4"
  integrity sha1-G2HAViGQqN/2rjuyzwIAyhMLhtQ=

globals@^11.1.0:
  version "11.12.0"
  resolved "https://registry.yarnpkg.com/globals/-/globals-11.12.0.tgz#ab8795338868a0babd8525758018c2a7eb95c42e"
  integrity sha512-WOBp/EEGUiIsJSp7wcv/y6MO+lV9UoncWqxuFfm8eBwzWNgyfBd6Gz+IeKQ9jCmyhoH99g15M3T+QaVHFjizVA==

has-flag@^3.0.0:
  version "3.0.0"
  resolved "https://registry.yarnpkg.com/has-flag/-/has-flag-3.0.0.tgz#b5d454dc2199ae225699f3467e5a07f3b955bafd"
  integrity sha1-tdRU3CGZriJWmfNGfloH87lVuv0=

hoist-non-react-statics@^3.0.0, hoist-non-react-statics@^3.3.0:
  version "3.3.2"
  resolved "https://registry.yarnpkg.com/hoist-non-react-statics/-/hoist-non-react-statics-3.3.2.tgz#ece0acaf71d62c2969c2ec59feff42a4b1a85b45"
  integrity sha512-/gGivxi8JPKWNm/W0jSmzcMPpfpPLc3dY/6GxhX2hQ9iGj3aDfklV4ET7NjKpSinLpJ5vafa9iiGIEZg10SfBw==
  dependencies:
    react-is "^16.7.0"

js-tokens@^4.0.0:
  version "4.0.0"
  resolved "https://registry.yarnpkg.com/js-tokens/-/js-tokens-4.0.0.tgz#19203fb59991df98e3a287050d4647cdeaf32499"
  integrity sha512-RdJUflcE3cUzKiMqQgsCu06FPu9UdIJO0beYbPhHN4k6apgJtifcoCtT9bcxOpYBtpD2kCM6Sbzg4CausW/PKQ==

jsesc@^2.5.1:
  version "2.5.2"
  resolved "https://registry.yarnpkg.com/jsesc/-/jsesc-2.5.2.tgz#80564d2e483dacf6e8ef209650a67df3f0c283a4"
  integrity sha512-OYu7XEzjkCQ3C5Ps3QIZsQfNpqoJyZZA99wd9aWd05NCtC5pWOkShK2mkL6HXQR6/Cy2lbNdPlZBpuQHXE63gA==

lodash@^4.17.11:
  version "4.17.21"
  resolved "https://registry.yarnpkg.com/lodash/-/lodash-4.17.21.tgz#679591c564c3bffaae8454cf0b3df370c3d6911c"
  integrity sha512-v2kDEe57lecTulaDIuNTPy3Ry4gLGJ6Z1O3vE1krgXZNrsQ+LFTGHVxVjcXPs17LhbZVGedAJv8XZ1tvj5FvSg==

ms@2.1.2:
  version "2.1.2"
  resolved "https://registry.yarnpkg.com/ms/-/ms-2.1.2.tgz#d09d1f357b443f493382a8eb3ccd183872ae6009"
  integrity sha512-sGkPx+VjMtmA6MX27oA4FBFELFCZZ4S4XqeGOXCv68tT+jb3vk/RyaKWP0PTKyWtmLSM0b+adUTEvbs1PEaH2w==

postcss-value-parser@^4.0.2:
  version "4.1.0"
  resolved "https://registry.yarnpkg.com/postcss-value-parser/-/postcss-value-parser-4.1.0.tgz#443f6a20ced6481a2bda4fa8532a6e55d789a2cb"
  integrity sha512-97DXOFbQJhk71ne5/Mt6cOu6yxsSfM0QGQyl0L25Gca4yGWEGJaig7l7gbCX623VqTBNGLRLaVUCnNkcedlRSQ==

react-is@^16.7.0:
  version "16.13.1"
  resolved "https://registry.yarnpkg.com/react-is/-/react-is-16.13.1.tgz#789729a4dc36de2999dc156dd6c1d9c18cea56a4"
  integrity sha512-24e6ynE2H+OKt4kqsOvNd8kBpV65zoxbA4BVsEOB3ARVWQki/DHzaUoC5KuON/BiccDaCCTZBuOcfZs70kR8bQ==

react-sticky-box@^0.9.3:
  version "0.9.3"
  resolved "https://registry.yarnpkg.com/react-sticky-box/-/react-sticky-box-0.9.3.tgz#8450d4cef8e4fdd7b0351520365bc98c97da11af"
  integrity sha512-Y/qO7vTqAvXuRR6G6ZCW4fX2Bz0GZRwiiLTVeZN5CVz9wzs37ev0Xj3KSKF/PzF0jifwATivI4t24qXG8rSz4Q==
  dependencies:
    "@babel/runtime" "^7.1.5"
    resize-observer-polyfill "^1.5.1"

regenerator-runtime@^0.13.4:
  version "0.13.7"
  resolved "https://registry.yarnpkg.com/regenerator-runtime/-/regenerator-runtime-0.13.7.tgz#cac2dacc8a1ea675feaabaeb8ae833898ae46f55"
  integrity sha512-a54FxoJDIr27pgf7IgeQGxmqUNYrcV338lf/6gH456HZ/PhX+5BcwHXG9ajESmwe6WRO0tAzRUrRmNONWgkrew==

resize-observer-polyfill@^1.5.1:
  version "1.5.1"
  resolved "https://registry.yarnpkg.com/resize-observer-polyfill/-/resize-observer-polyfill-1.5.1.tgz#0e9020dd3d21024458d4ebd27e23e40269810464"
  integrity sha512-LwZrotdHOo12nQuZlHEmtuXdqGoOD0OhaxopaNFxWzInpEgaLWoVuAMbTzixuosCx2nEG58ngzW3vxdWoxIgdg==

shallowequal@^1.1.0:
  version "1.1.0"
  resolved "https://registry.yarnpkg.com/shallowequal/-/shallowequal-1.1.0.tgz#188d521de95b9087404fd4dcb68b13df0ae4e7f8"
  integrity sha512-y0m1JoUZSlPAjXVtPPW70aZWfIL/dSP7AFkRnniLCrK/8MDKog3TySTBmckD+RObVxH0v4Tox67+F14PdED2oQ==

source-map@^0.5.0:
  version "0.5.7"
  resolved "https://registry.yarnpkg.com/source-map/-/source-map-0.5.7.tgz#8a039d2d1021d22d1ea14c80d8ea468ba2ef3fcc"
  integrity sha1-igOdLRAh0i0eoUyA2OpGi6LvP8w=

styled-components@^5.3.0:
  version "5.3.0"
  resolved "https://registry.yarnpkg.com/styled-components/-/styled-components-5.3.0.tgz#e47c3d3e9ddfff539f118a3dd0fd4f8f4fb25727"
  integrity sha512-bPJKwZCHjJPf/hwTJl6TbkSZg/3evha+XPEizrZUGb535jLImwDUdjTNxXqjjaASt2M4qO4AVfoHJNe3XB/tpQ==
  dependencies:
    "@babel/helper-module-imports" "^7.0.0"
    "@babel/traverse" "^7.4.5"
    "@emotion/is-prop-valid" "^0.8.8"
    "@emotion/stylis" "^0.8.4"
    "@emotion/unitless" "^0.7.4"
    babel-plugin-styled-components ">= 1.12.0"
    css-to-react-native "^3.0.0"
    hoist-non-react-statics "^3.0.0"
    shallowequal "^1.1.0"
    supports-color "^5.5.0"

styled-icons@^10.33.0:
  version "10.33.0"
  resolved "https://registry.yarnpkg.com/styled-icons/-/styled-icons-10.33.0.tgz#e006acfddae4793ce3977cb0055ee1683fae7074"
  integrity sha512-WuiC4nLbsAUILvGpF3gkN5R34dxPe81Ta06lOHshBawksXSDk1/tFoSl4DG0/DM7KISm1pS7sJsh7tOAaxXjyw==
  dependencies:
    "@babel/runtime" "^7.13.10"
    "@styled-icons/bootstrap" "10.33.0"
    "@styled-icons/boxicons-logos" "10.23.0"
    "@styled-icons/boxicons-regular" "10.23.0"
    "@styled-icons/boxicons-solid" "10.23.0"
    "@styled-icons/crypto" "10.25.0"
    "@styled-icons/entypo" "10.18.0"
    "@styled-icons/entypo-social" "10.18.0"
    "@styled-icons/evaicons-outline" "10.18.0"
    "@styled-icons/evaicons-solid" "10.18.0"
    "@styled-icons/evil" "10.18.0"
    "@styled-icons/fa-brands" "10.26.0"
    "@styled-icons/fa-regular" "10.26.0"
    "@styled-icons/fa-solid" "10.32.0"
    "@styled-icons/feather" "10.18.0"
    "@styled-icons/fluentui-system-filled" "10.33.0"
    "@styled-icons/fluentui-system-regular" "10.33.0"
    "@styled-icons/foundation" "10.28.0"
    "@styled-icons/heroicons-outline" "10.33.0"
    "@styled-icons/heroicons-solid" "10.33.0"
    "@styled-icons/icomoon" "10.18.0"
    "@styled-icons/ionicons-outline" "10.28.0"
    "@styled-icons/ionicons-sharp" "10.28.0"
    "@styled-icons/ionicons-solid" "10.28.0"
    "@styled-icons/material" "10.28.0"
    "@styled-icons/material-outlined" "10.28.0"
    "@styled-icons/material-rounded" "10.28.0"
    "@styled-icons/material-sharp" "10.28.0"
    "@styled-icons/material-twotone" "10.28.0"
    "@styled-icons/octicons" "10.33.0"
    "@styled-icons/open-iconic" "10.18.0"
    "@styled-icons/remix-editor" "10.33.0"
    "@styled-icons/remix-fill" "10.18.0"
    "@styled-icons/remix-line" "10.18.0"
    "@styled-icons/simple-icons" "10.33.0"
    "@styled-icons/styled-icon" "10.6.3"
    "@styled-icons/typicons" "10.18.0"
    "@styled-icons/zondicons" "10.18.0"

supports-color@^5.3.0, supports-color@^5.5.0:
  version "5.5.0"
  resolved "https://registry.yarnpkg.com/supports-color/-/supports-color-5.5.0.tgz#e2e69a44ac8772f78a1ec0b35b689df6530efc8f"
  integrity sha512-QjVjwdXIt408MIiAqCX4oUKsgU2EqAGzs2Ppkm4aQYbjm+ZEWEcW4SfFNTr4uMNZma0ey4f5lgLrkB0aX0QMow==
  dependencies:
    has-flag "^3.0.0"

to-fast-properties@^2.0.0:
  version "2.0.0"
  resolved "https://registry.yarnpkg.com/to-fast-properties/-/to-fast-properties-2.0.0.tgz#dc5e698cbd079265bc73e0377681a4e4e83f616e"
  integrity sha1-3F5pjL0HkmW8c+A3doGk5Og/YW4=
